PODS:
  - CryptoSwift (1.5.1)
  - Firebase/Analytics (9.2.0):
    - Firebase/Core
  - Firebase/Core (9.2.0):
    - Firebase/CoreOnly
    - FirebaseAnalytics (~> 9.2.0)
  - Firebase/CoreOnly (9.2.0):
    - FirebaseCore (= 9.2.0)
  - Firebase/Crashlytics (9.2.0):
    - Firebase/CoreOnly
    - FirebaseCrashlytics (~> 9.2.0)
  - FirebaseAnalytics (9.2.0):
    - FirebaseAnalytics/AdIdSupport (= 9.2.0)
    - FirebaseCore (~> 9.0)
    - FirebaseInstallations (~> 9.0)
    - GoogleUtilities/AppDelegateSwizzler (~> 7.7)
    - GoogleUtilities/MethodSwizzler (~> 7.7)
    - GoogleUtilities/Network (~> 7.7)
    - "GoogleUtilities/NSData+zlib (~> 7.7)"
    - nanopb (< 2.30910.0, >= 2.30908.0)
  - FirebaseAnalytics/AdIdSupport (9.2.0):
    - FirebaseCore (~> 9.0)
    - FirebaseInstallations (~> 9.0)
    - GoogleAppMeasurement (= 9.2.0)
    - GoogleUtilities/AppDelegateSwizzler (~> 7.7)
    - GoogleUtilities/MethodSwizzler (~> 7.7)
    - GoogleUtilities/Network (~> 7.7)
    - "GoogleUtilities/NSData+zlib (~> 7.7)"
    - nanopb (< 2.30910.0, >= 2.30908.0)
  - FirebaseCore (9.2.0):
    - FirebaseCoreDiagnostics (~> 9.0)
    - FirebaseCoreInternal (~> 9.0)
    - GoogleUtilities/Environment (~> 7.7)
    - GoogleUtilities/Logger (~> 7.7)
  - FirebaseCoreDiagnostics (9.2.0):
    - GoogleDataTransport (< 10.0.0, >= 9.1.4)
    - GoogleUtilities/Environment (~> 7.7)
    - GoogleUtilities/Logger (~> 7.7)
    - nanopb (< 2.30910.0, >= 2.30908.0)
  - FirebaseCoreInternal (9.2.0):
    - "GoogleUtilities/NSData+zlib (~> 7.7)"
  - FirebaseCrashlytics (9.2.0):
    - FirebaseCore (~> 9.0)
    - FirebaseInstallations (~> 9.0)
    - GoogleDataTransport (< 10.0.0, >= 9.1.4)
    - GoogleUtilities/Environment (~> 7.7)
    - nanopb (< 2.30910.0, >= 2.30908.0)
    - PromisesObjC (~> 2.1)
  - FirebaseInstallations (9.2.0):
    - FirebaseCore (~> 9.0)
    - GoogleUtilities/Environment (~> 7.7)
    - GoogleUtilities/UserDefaults (~> 7.7)
    - PromisesObjC (~> 2.1)
  - GoogleAppMeasurement (9.2.0):
    - GoogleAppMeasurement/AdIdSupport (= 9.2.0)
    - GoogleUtilities/AppDelegateSwizzler (~> 7.7)
    - GoogleUtilities/MethodSwizzler (~> 7.7)
    - GoogleUtilities/Network (~> 7.7)
    - "GoogleUtilities/NSData+zlib (~> 7.7)"
    - nanopb (< 2.30910.0, >= 2.30908.0)
  - GoogleAppMeasurement/AdIdSupport (9.2.0):
    - GoogleAppMeasurement/WithoutAdIdSupport (= 9.2.0)
    - GoogleUtilities/AppDelegateSwizzler (~> 7.7)
    - GoogleUtilities/MethodSwizzler (~> 7.7)
    - GoogleUtilities/Network (~> 7.7)
    - "GoogleUtilities/NSData+zlib (~> 7.7)"
    - nanopb (< 2.30910.0, >= 2.30908.0)
  - GoogleAppMeasurement/WithoutAdIdSupport (9.2.0):
    - GoogleUtilities/AppDelegateSwizzler (~> 7.7)
    - GoogleUtilities/MethodSwizzler (~> 7.7)
    - GoogleUtilities/Network (~> 7.7)
    - "GoogleUtilities/NSData+zlib (~> 7.7)"
    - nanopb (< 2.30910.0, >= 2.30908.0)
  - GoogleDataTransport (9.1.4):
    - GoogleUtilities/Environment (~> 7.7)
    - nanopb (< 2.30910.0, >= 2.30908.0)
    - PromisesObjC (< 3.0, >= 1.2)
  - GoogleUtilities/AppDelegateSwizzler (7.7.0):
    - GoogleUtilities/Environment
    - GoogleUtilities/Logger
    - GoogleUtilities/Network
  - GoogleUtilities/Environment (7.7.0):
    - PromisesObjC (< 3.0, >= 1.2)
  - GoogleUtilities/Logger (7.7.0):
    - GoogleUtilities/Environment
  - GoogleUtilities/MethodSwizzler (7.7.0):
    - GoogleUtilities/Logger
  - GoogleUtilities/Network (7.7.0):
    - GoogleUtilities/Logger
    - "GoogleUtilities/NSData+zlib"
    - GoogleUtilities/Reachability
  - "GoogleUtilities/NSData+zlib (7.7.0)"
  - GoogleUtilities/Reachability (7.7.0):
    - GoogleUtilities/Logger
  - GoogleUtilities/UserDefaults (7.7.0):
    - GoogleUtilities/Logger
  - JOSESwift (2.4.0)
  - nanopb (2.30909.0):
    - nanopb/decode (= 2.30909.0)
    - nanopb/encode (= 2.30909.0)
  - nanopb/decode (2.30909.0)
  - nanopb/encode (2.30909.0)
  - Nimble (10.0.0)
  - PromisesObjC (2.1.1)
  - Quick (5.0.1)
  - ReachabilitySwift (5.0.0)
  - Realm (5.5.1):
    - Realm/Headers (= 5.5.1)
  - Realm/Headers (5.5.1)
  - RealmSwift (5.5.1):
    - Realm (= 5.5.1)
  - SaltedgeAuthenticatorCore (1.1.0):
    - CryptoSwift
  - SaltedgeAuthenticatorSDK (1.1.0):
    - CryptoSwift
    - SaltedgeAuthenticatorCore
  - SaltedgeAuthenticatorSDKv2 (1.1.0):
    - JOSESwift
    - SaltedgeAuthenticatorCore
  - SDWebImage (5.10.4):
    - SDWebImage/Core (= 5.10.4)
  - SDWebImage/Core (5.10.4)
  - TinyConstraints (4.0.2)
  - Valet (3.2.8)

DEPENDENCIES:
  - Firebase/Analytics
  - Firebase/Crashlytics
  - Nimble
  - Quick
  - ReachabilitySwift
  - RealmSwift (= 5.5.1)
  - SaltedgeAuthenticatorCore (from `../SaltedgeAuthenticatorCore`)
  - SaltedgeAuthenticatorSDK (from `../`)
  - SaltedgeAuthenticatorSDKv2 (from `../SaltedgeAuthenticatorSDKv2`)
  - SDWebImage (= 5.10.4)
  - TinyConstraints
  - Valet (~> 3.2.8)

SPEC REPOS:
  trunk:
    - CryptoSwift
    - Firebase
    - FirebaseAnalytics
    - FirebaseCore
    - FirebaseCoreDiagnostics
    - FirebaseCoreInternal
    - FirebaseCrashlytics
    - FirebaseInstallations
    - GoogleAppMeasurement
    - GoogleDataTransport
    - GoogleUtilities
    - JOSESwift
    - nanopb
    - Nimble
    - PromisesObjC
    - Quick
    - ReachabilitySwift
    - Realm
    - RealmSwift
    - SDWebImage
    - TinyConstraints
    - Valet

EXTERNAL SOURCES:
  SaltedgeAuthenticatorCore:
    :path: "../SaltedgeAuthenticatorCore"
  SaltedgeAuthenticatorSDK:
    :path: "../"
  SaltedgeAuthenticatorSDKv2:
    :path: "../SaltedgeAuthenticatorSDKv2"

SPEC CHECKSUMS:
  CryptoSwift: c4f2debceb38bf44c80659afe009f71e23e4a082
  Firebase: 4ba896cb8e5105d4b9e247e1c1b6222b548df55a
  FirebaseAnalytics: af5a03a8dff7648c7b8486f6a78b1368e0268dd3
  FirebaseCore: 0e27f2a15d8f7b7ef11e7d93e23b1cbab55d748c
  FirebaseCoreDiagnostics: ad3f6c68b7c5b63b7cf15b0785d7137f05f32268
  FirebaseCoreInternal: cb966328b6985dbd6f535e1461291063e1c4a00f
  FirebaseCrashlytics: 9fff819edb2bfc9d3eff612225b207d41945a935
  FirebaseInstallations: 21186f0ca7849f90f4a3219fa31a5eca2e30f113
  GoogleAppMeasurement: 7a33224321f975d58c166657260526775d9c6b1a
  GoogleDataTransport: 5fffe35792f8b96ec8d6775f5eccd83c998d5a3b
  GoogleUtilities: e0913149f6b0625b553d70dae12b49fc62914fd1
  JOSESwift: 7ff178bb9173ff42c6e990929a9f2fa702a34f69
  nanopb: b552cce312b6c8484180ef47159bc0f65a1f0431
  Nimble: 5316ef81a170ce87baf72dd961f22f89a602ff84
  PromisesObjC: ab77feca74fa2823e7af4249b8326368e61014cb
  Quick: 749aa754fd1e7d984f2000fe051e18a3a9809179
  ReachabilitySwift: 985039c6f7b23a1da463388634119492ff86c825
  Realm: c2ffe0667f9c98c9ba65f608ba85684d39826145
  RealmSwift: 5a35c1c35c3e1925e6fcd092c881d5cc4a826bff
  SaltedgeAuthenticatorCore: bf9c91b81449fb7ccd23581ab84e1eeff5020647
  SaltedgeAuthenticatorSDK: 4fd566984678e8d936cae541aee82c89b44422e2
  SaltedgeAuthenticatorSDKv2: f9eb801575c0b90879c3f7cf667a7aabed743eef
  SDWebImage: c666b97e1fa9c64b4909816a903322018f0a9c84
  TinyConstraints: 7b7ccc0c485bb3bb47082138ff28bc33cd49897f
  Valet: 16d0537d70db79d9ba953b9060b5da4fb8004e51

PODFILE CHECKSUM: 7f15a08d33a1af46d3f787184ec65b0ed568eed4

COCOAPODS: 1.11.3
